
Microsoft Visual Studio Solution File, Format Version 12.00
# Visual Studio Version 17
VisualStudioVersion = 17.9.34728.123
MinimumVisualStudioVersion = 10.0.40219.1
Project("{FAE04EC0-301F-11D3-BF4B-00C04F79EFBC}") = "bookingflightmvcUI", "bookingflightmvcUI\bookingflightmvcUI.csproj", "{4049F5E3-C6E9-4EB4-9FE5-687D78D2400D}"
EndProject
Global
	GlobalSection(SolutionConfigurationPlatforms) = preSolution
		Debug|Any CPU = Debug|Any CPU
		Release|Any CPU = Release|Any CPU
	EndGlobalSection
	GlobalSection(ProjectConfigurationPlatforms) = postSolution
		{4049F5E3-C6E9-4EB4-9FE5-687D78D2400D}.Debug|Any CPU.ActiveCfg = Debug|Any CPU
		{4049F5E3-C6E9-4EB4-9FE5-687D78D2400D}.Debug|Any CPU.Build.0 = Debug|Any CPU
		{4049F5E3-C6E9-4EB4-9FE5-687D78D2400D}.Release|Any CPU.ActiveCfg = Release|Any CPU
		{4049F5E3-C6E9-4EB4-9FE5-687D78D2400D}.Release|Any CPU.Build.0 = Release|Any CPU
	EndGlobalSection
	GlobalSection(SolutionProperties) = preSolution
		HideSolutionNode = FALSE
	EndGlobalSection
	GlobalSection(ExtensibilityGlobals) = postSolution
		SolutionGuid = {F1B427B8-C0C1-411C-9755-3CC83E0141B9}
	EndGlobalSection
EndGlobal
